
Microsoft Visual Studio Solution File, Format Version 12.00
# Visual Studio Version 18
VisualStudioVersion = 18.6.11723.189 insiders
MinimumVisualStudioVersion = 10.0.40219.1
Project("{FAE04EC0-301F-11D3-BF4B-00C04F79EFBC}") = "Clivax", "Clivax.csproj", "{F707EDE5-B85E-4708-8B57-1D8690A4A5C5}"
EndProject
Global
	GlobalSection(SolutionConfigurationPlatforms) = preSolution
		Debug|Any CPU = Debug|Any CPU
		Release|Any CPU = Release|Any CPU
	EndGlobalSection
	GlobalSection(ProjectConfigurationPlatforms) = postSolution
		{F707EDE5-B85E-4708-8B57-1D8690A4A5C5}.Debug|Any CPU.ActiveCfg = Debug|Any CPU
		{F707EDE5-B85E-4708-8B57-1D8690A4A5C5}.Debug|Any CPU.Build.0 = Debug|Any CPU
		{F707EDE5-B85E-4708-8B57-1D8690A4A5C5}.Release|Any CPU.ActiveCfg = Release|Any CPU
		{F707EDE5-B85E-4708-8B57-1D8690A4A5C5}.Release|Any CPU.Build.0 = Release|Any CPU
	EndGlobalSection
	GlobalSection(SolutionProperties) = preSolution
		HideSolutionNode = FALSE
	EndGlobalSection
	GlobalSection(ExtensibilityGlobals) = postSolution
		SolutionGuid = {A94825D6-4C67-4992-8D65-C875AB8B5937}
	EndGlobalSection
EndGlobal
